
Microsoft Visual Studio Solution File, Format Version 12.00
# Visual Studio Version 16
VisualStudioVersion = 16.0.29318.209
MinimumVisualStudioVersion = 10.0.40219.1
Project("{9A19103F-16F7-4668-BE54-9A1E7A4F7556}") = "STEM.Sys", "STEM.Sys\STEM.Sys.csproj", "{182BC309-B6C8-42B7-916E-FE0CA670AA90}"
EndProject
Project("{9A19103F-16F7-4668-BE54-9A1E7A4F7556}") = "STEM.Surge", "STEM.Surge\STEM.Surge.csproj", "{C894B313-C374-45A2-AB5A-AFCB34E761DB}"
	ProjectSection(ProjectDependencies) = postProject
		{182BC309-B6C8-42B7-916E-FE0CA670AA90} = {182BC309-B6C8-42B7-916E-FE0CA670AA90}
	EndProjectSection
EndProject
Project("{9A19103F-16F7-4668-BE54-9A1E7A4F7556}") = "STEM.Auth", "STEM.Auth\STEM.Auth.csproj", "{E1FCCB6D-B2B9-444C-9CE2-B693D65CAE70}"
EndProject
Project("{2150E333-8FDC-42A3-9474-1A3956D46DE8}") = "Extensions", "Extensions", "{B2330CA4-8261-41EF-B142-F501874E0CF8}"
EndProject
Project("{9A19103F-16F7-4668-BE54-9A1E7A4F7556}") = "STEM.Surge.BasicControllers", "Extensions\STEM.Surge.BasicControllers\STEM.Surge.BasicControllers.csproj", "{1E80E278-3184-429C-B03E-48C8FB3D0731}"
	ProjectSection(ProjectDependencies) = postProject
		{182BC309-B6C8-42B7-916E-FE0CA670AA90} = {182BC309-B6C8-42B7-916E-FE0CA670AA90}
		{C894B313-C374-45A2-AB5A-AFCB34E761DB} = {C894B313-C374-45A2-AB5A-AFCB34E761DB}
	EndProjectSection
EndProject
Project("{9A19103F-16F7-4668-BE54-9A1E7A4F7556}") = "STEM.Surge.FTP", "Extensions\STEM.Surge.FTP\STEM.Surge.FTP.csproj", "{C1FB9F9B-8955-4040-B683-6A9915AF03C9}"
	ProjectSection(ProjectDependencies) = postProject
		{1E80E278-3184-429C-B03E-48C8FB3D0731} = {1E80E278-3184-429C-B03E-48C8FB3D0731}
	EndProjectSection
EndProject
Project("{9A19103F-16F7-4668-BE54-9A1E7A4F7556}") = "STEM.Surge.Azure", "Extensions\STEM.Surge.Azure\STEM.Surge.Azure.csproj", "{9B84DEDF-FA13-4CDE-ADBF-09AD50C366AD}"
	ProjectSection(ProjectDependencies) = postProject
		{1E80E278-3184-429C-B03E-48C8FB3D0731} = {1E80E278-3184-429C-B03E-48C8FB3D0731}
	EndProjectSection
EndProject
Project("{9A19103F-16F7-4668-BE54-9A1E7A4F7556}") = "STEM.Surge.DropBox", "Extensions\STEM.Surge.DropBox\STEM.Surge.DropBox.csproj", "{ADD5AB00-C461-4473-A8D0-EADA84AA389A}"
	ProjectSection(ProjectDependencies) = postProject
		{1E80E278-3184-429C-B03E-48C8FB3D0731} = {1E80E278-3184-429C-B03E-48C8FB3D0731}
	EndProjectSection
EndProject
Project("{9A19103F-16F7-4668-BE54-9A1E7A4F7556}") = "STEM.Surge.ErrorCleaner", "Extensions\STEM.Surge.ErrorCleaner\STEM.Surge.ErrorCleaner.csproj", "{C4301531-4F87-474A-BAE4-5E75A4EAF49A}"
	ProjectSection(ProjectDependencies) = postProject
		{1E80E278-3184-429C-B03E-48C8FB3D0731} = {1E80E278-3184-429C-B03E-48C8FB3D0731}
	EndProjectSection
EndProject
Project("{9A19103F-16F7-4668-BE54-9A1E7A4F7556}") = "STEM.Surge.Fisher", "Extensions\STEM.Surge.Fisher\STEM.Surge.Fisher.csproj", "{6A8F7B9B-F463-4CE0-A5B1-0AABAA2CED27}"
	ProjectSection(ProjectDependencies) = postProject
		{1E80E278-3184-429C-B03E-48C8FB3D0731} = {1E80E278-3184-429C-B03E-48C8FB3D0731}
	EndProjectSection
EndProject
Project("{9A19103F-16F7-4668-BE54-9A1E7A4F7556}") = "STEM.Surge.FlowControl", "Extensions\STEM.Surge.FlowControl\STEM.Surge.FlowControl.csproj", "{4CD58265-93D6-44CF-9435-0F868D825C52}"
	ProjectSection(ProjectDependencies) = postProject
		{1E80E278-3184-429C-B03E-48C8FB3D0731} = {1E80E278-3184-429C-B03E-48C8FB3D0731}
	EndProjectSection
EndProject
Project("{9A19103F-16F7-4668-BE54-9A1E7A4F7556}") = "STEM.Surge.Machine", "Extensions\STEM.Surge.Machine\STEM.Surge.Machine.csproj", "{4B2AE635-6AAB-44C6-9546-AB59EB030001}"
	ProjectSection(ProjectDependencies) = postProject
		{1E80E278-3184-429C-B03E-48C8FB3D0731} = {1E80E278-3184-429C-B03E-48C8FB3D0731}
	EndProjectSection
EndProject
Project("{9A19103F-16F7-4668-BE54-9A1E7A4F7556}") = "STEM.Surge.PostGreSQL", "Extensions\STEM.Surge.PostGreSQL\STEM.Surge.PostGreSQL.csproj", "{CCBE63CC-DD67-4C66-A34F-3DEDA6F13925}"
	ProjectSection(ProjectDependencies) = postProject
		{1E80E278-3184-429C-B03E-48C8FB3D0731} = {1E80E278-3184-429C-B03E-48C8FB3D0731}
	EndProjectSection
EndProject
Project("{9A19103F-16F7-4668-BE54-9A1E7A4F7556}") = "STEM.Surge.Security", "Extensions\STEM.Surge.Security\STEM.Surge.Security.csproj", "{A644CC84-1794-4A31-9E82-86FB6188AAA9}"
	ProjectSection(ProjectDependencies) = postProject
		{1E80E278-3184-429C-B03E-48C8FB3D0731} = {1E80E278-3184-429C-B03E-48C8FB3D0731}
	EndProjectSection
EndProject
Project("{9A19103F-16F7-4668-BE54-9A1E7A4F7556}") = "STEM.Surge.SQS", "Extensions\STEM.Surge.SQS\STEM.Surge.SQS.csproj", "{AC92549D-AE66-4CD1-B38A-5A9CF1CA1E49}"
	ProjectSection(ProjectDependencies) = postProject
		{1E80E278-3184-429C-B03E-48C8FB3D0731} = {1E80E278-3184-429C-B03E-48C8FB3D0731}
	EndProjectSection
EndProject
Project("{9A19103F-16F7-4668-BE54-9A1E7A4F7556}") = "STEM.Surge.SSH", "Extensions\STEM.Surge.SSH\STEM.Surge.SSH.csproj", "{68725F27-4642-41B9-B840-9ED9B948F18A}"
	ProjectSection(ProjectDependencies) = postProject
		{1E80E278-3184-429C-B03E-48C8FB3D0731} = {1E80E278-3184-429C-B03E-48C8FB3D0731}
	EndProjectSection
EndProject
Project("{9A19103F-16F7-4668-BE54-9A1E7A4F7556}") = "STEM.Surge.XML", "Extensions\STEM.Surge.XML\STEM.Surge.XML.csproj", "{DBFA5800-8D27-443A-8506-4409E75F2836}"
	ProjectSection(ProjectDependencies) = postProject
		{1E80E278-3184-429C-B03E-48C8FB3D0731} = {1E80E278-3184-429C-B03E-48C8FB3D0731}
	EndProjectSection
EndProject
Project("{9A19103F-16F7-4668-BE54-9A1E7A4F7556}") = "STEM.Surge.S3", "Extensions\STEM.Surge.S3\STEM.Surge.S3.csproj", "{E2237D58-438B-48B6-9F03-267ED939BD5F}"
	ProjectSection(ProjectDependencies) = postProject
		{1E80E278-3184-429C-B03E-48C8FB3D0731} = {1E80E278-3184-429C-B03E-48C8FB3D0731}
	EndProjectSection
EndProject
Project("{9A19103F-16F7-4668-BE54-9A1E7A4F7556}") = "STEM.Surge.SQLServer", "Extensions\STEM.Surge.SQLServer\STEM.Surge.SQLServer.csproj", "{0103B036-FB2A-40EA-B13A-37A141988792}"
	ProjectSection(ProjectDependencies) = postProject
		{1E80E278-3184-429C-B03E-48C8FB3D0731} = {1E80E278-3184-429C-B03E-48C8FB3D0731}
	EndProjectSection
EndProject
Project("{9A19103F-16F7-4668-BE54-9A1E7A4F7556}") = "STEM.Surge.SMB", "Extensions\STEM.Surge.SMB\STEM.Surge.SMB.csproj", "{4DD4D7E5-77F7-4E04-850E-75D616160C07}"
	ProjectSection(ProjectDependencies) = postProject
		{1E80E278-3184-429C-B03E-48C8FB3D0731} = {1E80E278-3184-429C-B03E-48C8FB3D0731}
	EndProjectSection
EndProject
Project("{FAE04EC0-301F-11D3-BF4B-00C04F79EFBC}") = "STEM.Surge.Compression", "Extensions\STEM.Surge.Compression\STEM.Surge.Compression.csproj", "{19363F10-99F5-45D8-9387-C057C5898658}"
	ProjectSection(ProjectDependencies) = postProject
		{1E80E278-3184-429C-B03E-48C8FB3D0731} = {1E80E278-3184-429C-B03E-48C8FB3D0731}
	EndProjectSection
EndProject
Project("{9A19103F-16F7-4668-BE54-9A1E7A4F7556}") = "STEM.Surge.MySQL", "Extensions\STEM.Surge.MySQL\STEM.Surge.MySQL.csproj", "{3236416D-F5D5-498A-9187-52A665FED354}"
EndProject
Project("{9A19103F-16F7-4668-BE54-9A1E7A4F7556}") = "STEM.SurgeService (Core)", "STEM.SurgeService (Core)\STEM.SurgeService (Core).csproj", "{F69281D8-4A5A-463A-8DE5-1718F5D308A4}"
EndProject
Project("{FAE04EC0-301F-11D3-BF4B-00C04F79EFBC}") = "STEM.Surge.ControlPanel", "STEM.Surge.ControlPanel\STEM.Surge.ControlPanel.csproj", "{6E9D6121-CA1B-4075-813A-84EE96C6B7F0}"
EndProject
Project("{FAE04EC0-301F-11D3-BF4B-00C04F79EFBC}") = "STEM.SurgeService (Framework)", "STEM.SurgeService (Framework)\STEM.SurgeService (Framework).csproj", "{4B274763-4FD4-4507-A2A0-9605C3F500CC}"
EndProject
Project("{2150E333-8FDC-42A3-9474-1A3956D46DE8}") = "RequiredDlls", "RequiredDlls", "{04424156-12D2-4033-9B73-4E815818AA2C}"
	ProjectSection(SolutionItems) = preProject
		RequiredDlls\STEM.Surge.Internal.7.0.0.0.dll = RequiredDlls\STEM.Surge.Internal.7.0.0.0.dll
		RequiredDlls\STEM.Sys.Internal.7.0.0.0.dll = RequiredDlls\STEM.Sys.Internal.7.0.0.0.dll
	EndProjectSection
EndProject
Project("{9A19103F-16F7-4668-BE54-9A1E7A4F7556}") = "STEM.Sys.Internal", "STEM.Sys.Internal\STEM.Sys.Internal.csproj", "{6BAEFA48-CA31-4596-9F5B-CE62F23515D3}"
EndProject
Project("{9A19103F-16F7-4668-BE54-9A1E7A4F7556}") = "STEM.Surge.Internal", "STEM.Surge.Internal\STEM.Surge.Internal.csproj", "{412E3431-CE90-4EC1-ADBF-EAA079BECD83}"
EndProject
Project("{FAE04EC0-301F-11D3-BF4B-00C04F79EFBC}") = "Installer", "Installer\Installer.csproj", "{482389F3-D742-46AC-835E-04307A82F9D3}"
EndProject
Project("{FAE04EC0-301F-11D3-BF4B-00C04F79EFBC}") = "STEM.LicenseGenerator", "STEM.LicenseGenerator\STEM.LicenseGenerator.csproj", "{C7053849-D7E3-435D-BBBE-250C30E6F28C}"
EndProject
Project("{9A19103F-16F7-4668-BE54-9A1E7A4F7556}") = "STEM.Surge.RabbitMQ", "Extensions\STEM.Surge.RabbitMQ\STEM.Surge.RabbitMQ.csproj", "{B1AE2587-BE0E-44EF-B7CE-49B56EECCF5C}"
EndProject
Project("{9A19103F-16F7-4668-BE54-9A1E7A4F7556}") = "STEM.Surge.Kafka", "Extensions\STEM.Surge.Kafka\STEM.Surge.Kafka.csproj", "{E134E508-D873-4F37-8952-38CF15C069EB}"
EndProject
Project("{FAE04EC0-301F-11D3-BF4B-00C04F79EFBC}") = "STEM.Surge.Python", "Extensions\STEM.Surge.Python\STEM.Surge.Python.csproj", "{FE6539C3-2B63-4C58-8E3D-FC8716E115AC}"
EndProject
Global
	GlobalSection(SolutionConfigurationPlatforms) = preSolution
		Debug|Any CPU = Debug|Any CPU
		Release|Any CPU = Release|Any CPU
	EndGlobalSection
	GlobalSection(ProjectConfigurationPlatforms) = postSolution
		{182BC309-B6C8-42B7-916E-FE0CA670AA90}.Debug|Any CPU.ActiveCfg = Debug|Any CPU
		{182BC309-B6C8-42B7-916E-FE0CA670AA90}.Debug|Any CPU.Build.0 = Debug|Any CPU
		{182BC309-B6C8-42B7-916E-FE0CA670AA90}.Release|Any CPU.ActiveCfg = Release|Any CPU
		{182BC309-B6C8-42B7-916E-FE0CA670AA90}.Release|Any CPU.Build.0 = Release|Any CPU
		{C894B313-C374-45A2-AB5A-AFCB34E761DB}.Debug|Any CPU.ActiveCfg = Debug|Any CPU
		{C894B313-C374-45A2-AB5A-AFCB34E761DB}.Debug|Any CPU.Build.0 = Debug|Any CPU
		{C894B313-C374-45A2-AB5A-AFCB34E761DB}.Release|Any CPU.ActiveCfg = Release|Any CPU
		{C894B313-C374-45A2-AB5A-AFCB34E761DB}.Release|Any CPU.Build.0 = Release|Any CPU
		{E1FCCB6D-B2B9-444C-9CE2-B693D65CAE70}.Debug|Any CPU.ActiveCfg = Debug|Any CPU
		{E1FCCB6D-B2B9-444C-9CE2-B693D65CAE70}.Debug|Any CPU.Build.0 = Debug|Any CPU
		{E1FCCB6D-B2B9-444C-9CE2-B693D65CAE70}.Release|Any CPU.ActiveCfg = Release|Any CPU
		{E1FCCB6D-B2B9-444C-9CE2-B693D65CAE70}.Release|Any CPU.Build.0 = Release|Any CPU
		{1E80E278-3184-429C-B03E-48C8FB3D0731}.Debug|Any CPU.ActiveCfg = Debug|Any CPU
		{1E80E278-3184-429C-B03E-48C8FB3D0731}.Debug|Any CPU.Build.0 = Debug|Any CPU
		{1E80E278-3184-429C-B03E-48C8FB3D0731}.Release|Any CPU.ActiveCfg = Release|Any CPU
		{1E80E278-3184-429C-B03E-48C8FB3D0731}.Release|Any CPU.Build.0 = Release|Any CPU
		{C1FB9F9B-8955-4040-B683-6A9915AF03C9}.Debug|Any CPU.ActiveCfg = Debug|Any CPU
		{C1FB9F9B-8955-4040-B683-6A9915AF03C9}.Debug|Any CPU.Build.0 = Debug|Any CPU
		{C1FB9F9B-8955-4040-B683-6A9915AF03C9}.Release|Any CPU.ActiveCfg = Release|Any CPU
		{C1FB9F9B-8955-4040-B683-6A9915AF03C9}.Release|Any CPU.Build.0 = Release|Any CPU
		{9B84DEDF-FA13-4CDE-ADBF-09AD50C366AD}.Debug|Any CPU.ActiveCfg = Debug|Any CPU
		{9B84DEDF-FA13-4CDE-ADBF-09AD50C366AD}.Debug|Any CPU.Build.0 = Debug|Any CPU
		{9B84DEDF-FA13-4CDE-ADBF-09AD50C366AD}.Release|Any CPU.ActiveCfg = Release|Any CPU
		{9B84DEDF-FA13-4CDE-ADBF-09AD50C366AD}.Release|Any CPU.Build.0 = Release|Any CPU
		{ADD5AB00-C461-4473-A8D0-EADA84AA389A}.Debug|Any CPU.ActiveCfg = Debug|Any CPU
		{ADD5AB00-C461-4473-A8D0-EADA84AA389A}.Debug|Any CPU.Build.0 = Debug|Any CPU
		{ADD5AB00-C461-4473-A8D0-EADA84AA389A}.Release|Any CPU.ActiveCfg = Release|Any CPU
		{ADD5AB00-C461-4473-A8D0-EADA84AA389A}.Release|Any CPU.Build.0 = Release|Any CPU
		{C4301531-4F87-474A-BAE4-5E75A4EAF49A}.Debug|Any CPU.ActiveCfg = Debug|Any CPU
		{C4301531-4F87-474A-BAE4-5E75A4EAF49A}.Debug|Any CPU.Build.0 = Debug|Any CPU
		{C4301531-4F87-474A-BAE4-5E75A4EAF49A}.Release|Any CPU.ActiveCfg = Release|Any CPU
		{C4301531-4F87-474A-BAE4-5E75A4EAF49A}.Release|Any CPU.Build.0 = Release|Any CPU
		{6A8F7B9B-F463-4CE0-A5B1-0AABAA2CED27}.Debug|Any CPU.ActiveCfg = Debug|Any CPU
		{6A8F7B9B-F463-4CE0-A5B1-0AABAA2CED27}.Debug|Any CPU.Build.0 = Debug|Any CPU
		{6A8F7B9B-F463-4CE0-A5B1-0AABAA2CED27}.Release|Any CPU.ActiveCfg = Release|Any CPU
		{6A8F7B9B-F463-4CE0-A5B1-0AABAA2CED27}.Release|Any CPU.Build.0 = Release|Any CPU
		{4CD58265-93D6-44CF-9435-0F868D825C52}.Debug|Any CPU.ActiveCfg = Debug|Any CPU
		{4CD58265-93D6-44CF-9435-0F868D825C52}.Debug|Any CPU.Build.0 = Debug|Any CPU
		{4CD58265-93D6-44CF-9435-0F868D825C52}.Release|Any CPU.ActiveCfg = Release|Any CPU
		{4CD58265-93D6-44CF-9435-0F868D825C52}.Release|Any CPU.Build.0 = Release|Any CPU
		{4B2AE635-6AAB-44C6-9546-AB59EB030001}.Debug|Any CPU.ActiveCfg = Debug|Any CPU
		{4B2AE635-6AAB-44C6-9546-AB59EB030001}.Debug|Any CPU.Build.0 = Debug|Any CPU
		{4B2AE635-6AAB-44C6-9546-AB59EB030001}.Release|Any CPU.ActiveCfg = Release|Any CPU
		{4B2AE635-6AAB-44C6-9546-AB59EB030001}.Release|Any CPU.Build.0 = Release|Any CPU
		{CCBE63CC-DD67-4C66-A34F-3DEDA6F13925}.Debug|Any CPU.ActiveCfg = Debug|Any CPU
		{CCBE63CC-DD67-4C66-A34F-3DEDA6F13925}.Debug|Any CPU.Build.0 = Debug|Any CPU
		{CCBE63CC-DD67-4C66-A34F-3DEDA6F13925}.Release|Any CPU.ActiveCfg = Release|Any CPU
		{CCBE63CC-DD67-4C66-A34F-3DEDA6F13925}.Release|Any CPU.Build.0 = Release|Any CPU
		{A644CC84-1794-4A31-9E82-86FB6188AAA9}.Debug|Any CPU.ActiveCfg = Debug|Any CPU
		{A644CC84-1794-4A31-9E82-86FB6188AAA9}.Debug|Any CPU.Build.0 = Debug|Any CPU
		{A644CC84-1794-4A31-9E82-86FB6188AAA9}.Release|Any CPU.ActiveCfg = Release|Any CPU
		{A644CC84-1794-4A31-9E82-86FB6188AAA9}.Release|Any CPU.Build.0 = Release|Any CPU
		{AC92549D-AE66-4CD1-B38A-5A9CF1CA1E49}.Debug|Any CPU.ActiveCfg = Debug|Any CPU
		{AC92549D-AE66-4CD1-B38A-5A9CF1CA1E49}.Debug|Any CPU.Build.0 = Debug|Any CPU
		{AC92549D-AE66-4CD1-B38A-5A9CF1CA1E49}.Release|Any CPU.ActiveCfg = Release|Any CPU
		{AC92549D-AE66-4CD1-B38A-5A9CF1CA1E49}.Release|Any CPU.Build.0 = Release|Any CPU
		{68725F27-4642-41B9-B840-9ED9B948F18A}.Debug|Any CPU.ActiveCfg = Debug|Any CPU
		{68725F27-4642-41B9-B840-9ED9B948F18A}.Debug|Any CPU.Build.0 = Debug|Any CPU
		{68725F27-4642-41B9-B840-9ED9B948F18A}.Release|Any CPU.ActiveCfg = Release|Any CPU
		{68725F27-4642-41B9-B840-9ED9B948F18A}.Release|Any CPU.Build.0 = Release|Any CPU
		{DBFA5800-8D27-443A-8506-4409E75F2836}.Debug|Any CPU.ActiveCfg = Debug|Any CPU
		{DBFA5800-8D27-443A-8506-4409E75F2836}.Debug|Any CPU.Build.0 = Debug|Any CPU
		{DBFA5800-8D27-443A-8506-4409E75F2836}.Release|Any CPU.ActiveCfg = Release|Any CPU
		{DBFA5800-8D27-443A-8506-4409E75F2836}.Release|Any CPU.Build.0 = Release|Any CPU
		{E2237D58-438B-48B6-9F03-267ED939BD5F}.Debug|Any CPU.ActiveCfg = Debug|Any CPU
		{E2237D58-438B-48B6-9F03-267ED939BD5F}.Debug|Any CPU.Build.0 = Debug|Any CPU
		{E2237D58-438B-48B6-9F03-267ED939BD5F}.Release|Any CPU.ActiveCfg = Release|Any CPU
		{E2237D58-438B-48B6-9F03-267ED939BD5F}.Release|Any CPU.Build.0 = Release|Any CPU
		{0103B036-FB2A-40EA-B13A-37A141988792}.Debug|Any CPU.ActiveCfg = Debug|Any CPU
		{0103B036-FB2A-40EA-B13A-37A141988792}.Debug|Any CPU.Build.0 = Debug|Any CPU
		{0103B036-FB2A-40EA-B13A-37A141988792}.Release|Any CPU.ActiveCfg = Release|Any CPU
		{0103B036-FB2A-40EA-B13A-37A141988792}.Release|Any CPU.Build.0 = Release|Any CPU
		{4DD4D7E5-77F7-4E04-850E-75D616160C07}.Debug|Any CPU.ActiveCfg = Debug|Any CPU
		{4DD4D7E5-77F7-4E04-850E-75D616160C07}.Debug|Any CPU.Build.0 = Debug|Any CPU
		{4DD4D7E5-77F7-4E04-850E-75D616160C07}.Release|Any CPU.ActiveCfg = Release|Any CPU
		{4DD4D7E5-77F7-4E04-850E-75D616160C07}.Release|Any CPU.Build.0 = Release|Any CPU
		{19363F10-99F5-45D8-9387-C057C5898658}.Debug|Any CPU.ActiveCfg = Debug|Any CPU
		{19363F10-99F5-45D8-9387-C057C5898658}.Debug|Any CPU.Build.0 = Debug|Any CPU
		{19363F10-99F5-45D8-9387-C057C5898658}.Release|Any CPU.ActiveCfg = Release|Any CPU
		{19363F10-99F5-45D8-9387-C057C5898658}.Release|Any CPU.Build.0 = Release|Any CPU
		{3236416D-F5D5-498A-9187-52A665FED354}.Debug|Any CPU.ActiveCfg = Debug|Any CPU
		{3236416D-F5D5-498A-9187-52A665FED354}.Debug|Any CPU.Build.0 = Debug|Any CPU
		{3236416D-F5D5-498A-9187-52A665FED354}.Release|Any CPU.ActiveCfg = Release|Any CPU
		{3236416D-F5D5-498A-9187-52A665FED354}.Release|Any CPU.Build.0 = Release|Any CPU
		{F69281D8-4A5A-463A-8DE5-1718F5D308A4}.Debug|Any CPU.ActiveCfg = Debug|Any CPU
		{F69281D8-4A5A-463A-8DE5-1718F5D308A4}.Debug|Any CPU.Build.0 = Debug|Any CPU
		{F69281D8-4A5A-463A-8DE5-1718F5D308A4}.Release|Any CPU.ActiveCfg = Release|Any CPU
		{F69281D8-4A5A-463A-8DE5-1718F5D308A4}.Release|Any CPU.Build.0 = Release|Any CPU
		{6E9D6121-CA1B-4075-813A-84EE96C6B7F0}.Debug|Any CPU.ActiveCfg = Debug|Any CPU
		{6E9D6121-CA1B-4075-813A-84EE96C6B7F0}.Debug|Any CPU.Build.0 = Debug|Any CPU
		{6E9D6121-CA1B-4075-813A-84EE96C6B7F0}.Release|Any CPU.ActiveCfg = Release|Any CPU
		{6E9D6121-CA1B-4075-813A-84EE96C6B7F0}.Release|Any CPU.Build.0 = Release|Any CPU
		{4B274763-4FD4-4507-A2A0-9605C3F500CC}.Debug|Any CPU.ActiveCfg = Debug|Any CPU
		{4B274763-4FD4-4507-A2A0-9605C3F500CC}.Debug|Any CPU.Build.0 = Debug|Any CPU
		{4B274763-4FD4-4507-A2A0-9605C3F500CC}.Release|Any CPU.ActiveCfg = Release|Any CPU
		{4B274763-4FD4-4507-A2A0-9605C3F500CC}.Release|Any CPU.Build.0 = Release|Any CPU
		{6BAEFA48-CA31-4596-9F5B-CE62F23515D3}.Debug|Any CPU.ActiveCfg = Debug|Any CPU
		{6BAEFA48-CA31-4596-9F5B-CE62F23515D3}.Debug|Any CPU.Build.0 = Debug|Any CPU
		{6BAEFA48-CA31-4596-9F5B-CE62F23515D3}.Release|Any CPU.ActiveCfg = Release|Any CPU
		{6BAEFA48-CA31-4596-9F5B-CE62F23515D3}.Release|Any CPU.Build.0 = Release|Any CPU
		{412E3431-CE90-4EC1-ADBF-EAA079BECD83}.Debug|Any CPU.ActiveCfg = Debug|Any CPU
		{412E3431-CE90-4EC1-ADBF-EAA079BECD83}.Debug|Any CPU.Build.0 = Debug|Any CPU
		{412E3431-CE90-4EC1-ADBF-EAA079BECD83}.Release|Any CPU.ActiveCfg = Release|Any CPU
		{412E3431-CE90-4EC1-ADBF-EAA079BECD83}.Release|Any CPU.Build.0 = Release|Any CPU
		{482389F3-D742-46AC-835E-04307A82F9D3}.Debug|Any CPU.ActiveCfg = Debug|Any CPU
		{482389F3-D742-46AC-835E-04307A82F9D3}.Debug|Any CPU.Build.0 = Debug|Any CPU
		{482389F3-D742-46AC-835E-04307A82F9D3}.Release|Any CPU.ActiveCfg = Release|Any CPU
		{482389F3-D742-46AC-835E-04307A82F9D3}.Release|Any CPU.Build.0 = Release|Any CPU
		{C7053849-D7E3-435D-BBBE-250C30E6F28C}.Debug|Any CPU.ActiveCfg = Debug|Any CPU
		{C7053849-D7E3-435D-BBBE-250C30E6F28C}.Debug|Any CPU.Build.0 = Debug|Any CPU
		{C7053849-D7E3-435D-BBBE-250C30E6F28C}.Release|Any CPU.ActiveCfg = Release|Any CPU
		{C7053849-D7E3-435D-BBBE-250C30E6F28C}.Release|Any CPU.Build.0 = Release|Any CPU
		{B1AE2587-BE0E-44EF-B7CE-49B56EECCF5C}.Debug|Any CPU.ActiveCfg = Debug|Any CPU
		{B1AE2587-BE0E-44EF-B7CE-49B56EECCF5C}.Debug|Any CPU.Build.0 = Debug|Any CPU
		{B1AE2587-BE0E-44EF-B7CE-49B56EECCF5C}.Release|Any CPU.ActiveCfg = Release|Any CPU
		{B1AE2587-BE0E-44EF-B7CE-49B56EECCF5C}.Release|Any CPU.Build.0 = Release|Any CPU
		{E134E508-D873-4F37-8952-38CF15C069EB}.Debug|Any CPU.ActiveCfg = Debug|Any CPU
		{E134E508-D873-4F37-8952-38CF15C069EB}.Debug|Any CPU.Build.0 = Debug|Any CPU
		{E134E508-D873-4F37-8952-38CF15C069EB}.Release|Any CPU.ActiveCfg = Release|Any CPU
		{E134E508-D873-4F37-8952-38CF15C069EB}.Release|Any CPU.Build.0 = Release|Any CPU
		{FE6539C3-2B63-4C58-8E3D-FC8716E115AC}.Debug|Any CPU.ActiveCfg = Debug|Any CPU
		{FE6539C3-2B63-4C58-8E3D-FC8716E115AC}.Debug|Any CPU.Build.0 = Debug|Any CPU
		{FE6539C3-2B63-4C58-8E3D-FC8716E115AC}.Release|Any CPU.ActiveCfg = Release|Any CPU
		{FE6539C3-2B63-4C58-8E3D-FC8716E115AC}.Release|Any CPU.Build.0 = Release|Any CPU
	EndGlobalSection
	GlobalSection(SolutionProperties) = preSolution
		HideSolutionNode = FALSE
	EndGlobalSection
	GlobalSection(NestedProjects) = preSolution
		{1E80E278-3184-429C-B03E-48C8FB3D0731} = {B2330CA4-8261-41EF-B142-F501874E0CF8}
		{C1FB9F9B-8955-4040-B683-6A9915AF03C9} = {B2330CA4-8261-41EF-B142-F501874E0CF8}
		{9B84DEDF-FA13-4CDE-ADBF-09AD50C366AD} = {B2330CA4-8261-41EF-B142-F501874E0CF8}
		{ADD5AB00-C461-4473-A8D0-EADA84AA389A} = {B2330CA4-8261-41EF-B142-F501874E0CF8}
		{C4301531-4F87-474A-BAE4-5E75A4EAF49A} = {B2330CA4-8261-41EF-B142-F501874E0CF8}
		{6A8F7B9B-F463-4CE0-A5B1-0AABAA2CED27} = {B2330CA4-8261-41EF-B142-F501874E0CF8}
		{4CD58265-93D6-44CF-9435-0F868D825C52} = {B2330CA4-8261-41EF-B142-F501874E0CF8}
		{4B2AE635-6AAB-44C6-9546-AB59EB030001} = {B2330CA4-8261-41EF-B142-F501874E0CF8}
		{CCBE63CC-DD67-4C66-A34F-3DEDA6F13925} = {B2330CA4-8261-41EF-B142-F501874E0CF8}
		{A644CC84-1794-4A31-9E82-86FB6188AAA9} = {B2330CA4-8261-41EF-B142-F501874E0CF8}
		{AC92549D-AE66-4CD1-B38A-5A9CF1CA1E49} = {B2330CA4-8261-41EF-B142-F501874E0CF8}
		{68725F27-4642-41B9-B840-9ED9B948F18A} = {B2330CA4-8261-41EF-B142-F501874E0CF8}
		{DBFA5800-8D27-443A-8506-4409E75F2836} = {B2330CA4-8261-41EF-B142-F501874E0CF8}
		{E2237D58-438B-48B6-9F03-267ED939BD5F} = {B2330CA4-8261-41EF-B142-F501874E0CF8}
		{0103B036-FB2A-40EA-B13A-37A141988792} = {B2330CA4-8261-41EF-B142-F501874E0CF8}
		{4DD4D7E5-77F7-4E04-850E-75D616160C07} = {B2330CA4-8261-41EF-B142-F501874E0CF8}
		{19363F10-99F5-45D8-9387-C057C5898658} = {B2330CA4-8261-41EF-B142-F501874E0CF8}
		{3236416D-F5D5-498A-9187-52A665FED354} = {B2330CA4-8261-41EF-B142-F501874E0CF8}
		{B1AE2587-BE0E-44EF-B7CE-49B56EECCF5C} = {B2330CA4-8261-41EF-B142-F501874E0CF8}
		{E134E508-D873-4F37-8952-38CF15C069EB} = {B2330CA4-8261-41EF-B142-F501874E0CF8}
		{FE6539C3-2B63-4C58-8E3D-FC8716E115AC} = {B2330CA4-8261-41EF-B142-F501874E0CF8}
	EndGlobalSection
	GlobalSection(ExtensibilityGlobals) = postSolution
		SolutionGuid = {FA2237FA-58E6-4BC0-A68C-40B10D3D9E19}
	EndGlobalSection
EndGlobal
